
Microsoft Visual Studio Solution File, Format Version 12.00
# Visual Studio Version 17
VisualStudioVersion = 17.3.32804.467
MinimumVisualStudioVersion = 10.0.40219.1
Project("{FAE04EC0-301F-11D3-BF4B-00C04F79EFBC}") = "ConsoleApp1", "ConsoleApp1\ConsoleApp1.csproj", "{F3E02811-35DB-4E4D-9493-2DE767A2E73E}"
EndProject
Global
	GlobalSection(SolutionConfigurationPlatforms) = preSolution
		Debug|Any CPU = Debug|Any CPU
		Release|Any CPU = Release|Any CPU
	EndGlobalSection
	GlobalSection(ProjectConfigurationPlatforms) = postSolution
		{F3E02811-35DB-4E4D-9493-2DE767A2E73E}.Debug|Any CPU.ActiveCfg = Debug|Any CPU
		{F3E02811-35DB-4E4D-9493-2DE767A2E73E}.Debug|Any CPU.Build.0 = Debug|Any CPU
		{F3E02811-35DB-4E4D-9493-2DE767A2E73E}.Release|Any CPU.ActiveCfg = Release|Any CPU
		{F3E02811-35DB-4E4D-9493-2DE767A2E73E}.Release|Any CPU.Build.0 = Release|Any CPU
	EndGlobalSection
	GlobalSection(SolutionProperties) = preSolution
		HideSolutionNode = FALSE
	EndGlobalSection
	GlobalSection(ExtensibilityGlobals) = postSolution
		SolutionGuid = {9E60B1C5-B389-48E7-867C-06F744B11921}
	EndGlobalSection
EndGlobal
